
Microsoft Visual Studio Solution File, Format Version 12.00
# Visual Studio 2012
Project("{FAE04EC0-301F-11D3-BF4B-00C04F79EFBC}") = "SinkBreaker.Common", "SinkBreaker.Common\SinkBreaker.Common.csproj", "{852E764A-35CC-4F2F-9727-FDAC6E5FE0FE}"
EndProject
Project("{FAE04EC0-301F-11D3-BF4B-00C04F79EFBC}") = "SinkBreaker.UI", "SinkBreaker.UI\SinkBreaker.UI.csproj", "{CCC27BF4-4AAE-43C3-932E-39122C588512}"
EndProject
Project("{FAE04EC0-301F-11D3-BF4B-00C04F79EFBC}") = "SinkBreaker.Generator", "SinkBreaker.Generator\SinkBreaker.Generator.csproj", "{80B7A59E-E6CA-4BF9-9D2C-E1449737C286}"
EndProject
Global
	GlobalSection(TeamFoundationVersionControl) = preSolution
		SccNumberOfProjects = 4
		SccEnterpriseProvider = {4CA58AB2-18FA-4F8D-95D4-32DDF27D184C}
		SccTeamFoundationServer = https://tfs.codeplex.com/tfs/tfs34
		SccLocalPath0 = .
		SccProjectUniqueName1 = SinkBreaker.Common\\SinkBreaker.Common.csproj
		SccProjectName1 = SinkBreaker.Common
		SccLocalPath1 = SinkBreaker.Common
		SccProjectUniqueName2 = SinkBreaker.Generator\\SinkBreaker.Generator.csproj
		SccProjectName2 = SinkBreaker.Generator
		SccLocalPath2 = SinkBreaker.Generator
		SccProjectUniqueName3 = SinkBreaker.UI\\SinkBreaker.UI.csproj
		SccProjectName3 = SinkBreaker.UI
		SccLocalPath3 = SinkBreaker.UI
	EndGlobalSection
	GlobalSection(SolutionConfigurationPlatforms) = preSolution
		Debug|Any CPU = Debug|Any CPU
		Release|Any CPU = Release|Any CPU
	EndGlobalSection
	GlobalSection(ProjectConfigurationPlatforms) = postSolution
		{852E764A-35CC-4F2F-9727-FDAC6E5FE0FE}.Debug|Any CPU.ActiveCfg = Debug|Any CPU
		{852E764A-35CC-4F2F-9727-FDAC6E5FE0FE}.Debug|Any CPU.Build.0 = Debug|Any CPU
		{852E764A-35CC-4F2F-9727-FDAC6E5FE0FE}.Release|Any CPU.ActiveCfg = Release|Any CPU
		{852E764A-35CC-4F2F-9727-FDAC6E5FE0FE}.Release|Any CPU.Build.0 = Release|Any CPU
		{CCC27BF4-4AAE-43C3-932E-39122C588512}.Debug|Any CPU.ActiveCfg = Debug|Any CPU
		{CCC27BF4-4AAE-43C3-932E-39122C588512}.Debug|Any CPU.Build.0 = Debug|Any CPU
		{CCC27BF4-4AAE-43C3-932E-39122C588512}.Release|Any CPU.ActiveCfg = Release|Any CPU
		{CCC27BF4-4AAE-43C3-932E-39122C588512}.Release|Any CPU.Build.0 = Release|Any CPU
		{80B7A59E-E6CA-4BF9-9D2C-E1449737C286}.Debug|Any CPU.ActiveCfg = Debug|Any CPU
		{80B7A59E-E6CA-4BF9-9D2C-E1449737C286}.Debug|Any CPU.Build.0 = Debug|Any CPU
		{80B7A59E-E6CA-4BF9-9D2C-E1449737C286}.Release|Any CPU.ActiveCfg = Release|Any CPU
		{80B7A59E-E6CA-4BF9-9D2C-E1449737C286}.Release|Any CPU.Build.0 = Release|Any CPU
	EndGlobalSection
	GlobalSection(SolutionProperties) = preSolution
		HideSolutionNode = FALSE
	EndGlobalSection
EndGlobal
